
Microsoft Visual Studio Solution File, Format Version 10.00
# Visual Studio 2008
Project("{8BC9CEB8-8B4A-11D0-8D11-00A0C91BC942}") = "百中搜批量注册", "百中搜批量注册\百中搜批量注册.vcproj", "{989A1721-5AD8-40AD-A7EB-BAAEB1600580}"
EndProject
Global
	GlobalSection(SolutionConfigurationPlatforms) = preSolution
		Debug|Win32 = Debug|Win32
		Release|Win32 = Release|Win32
	EndGlobalSection
	GlobalSection(ProjectConfigurationPlatforms) = postSolution
		{989A1721-5AD8-40AD-A7EB-BAAEB1600580}.Debug|Win32.ActiveCfg = Debug|Win32
		{989A1721-5AD8-40AD-A7EB-BAAEB1600580}.Debug|Win32.Build.0 = Debug|Win32
		{989A1721-5AD8-40AD-A7EB-BAAEB1600580}.Release|Win32.ActiveCfg = Release|Win32
		{989A1721-5AD8-40AD-A7EB-BAAEB1600580}.Release|Win32.Build.0 = Release|Win32
	EndGlobalSection
	GlobalSection(SolutionProperties) = preSolution
		HideSolutionNode = FALSE
	EndGlobalSection
EndGlobal
