
Microsoft Visual Studio Solution File, Format Version 10.00
# Visual Studio 2008
Project("{8BC9CEB8-8B4A-11D0-8D11-00A0C91BC942}") = "MyHttpsServer", "MyHttpsServer\MyHttpsServer.vcproj", "{6C571F85-CE99-40D0-9A3B-9240CC32EDBA}"
EndProject
Project("{8BC9CEB8-8B4A-11D0-8D11-00A0C91BC942}") = "MiniProxyServer", "MiniProxyServer\MiniProxyServer.vcproj", "{0E33250D-BB84-4009-B519-6BCA9756F18E}"
EndProject
Global
	GlobalSection(SolutionConfigurationPlatforms) = preSolution
		Debug|Win32 = Debug|Win32
		Release|Win32 = Release|Win32
	EndGlobalSection
	GlobalSection(ProjectConfigurationPlatforms) = postSolution
		{6C571F85-CE99-40D0-9A3B-9240CC32EDBA}.Debug|Win32.ActiveCfg = Debug|Win32
		{6C571F85-CE99-40D0-9A3B-9240CC32EDBA}.Debug|Win32.Build.0 = Debug|Win32
		{6C571F85-CE99-40D0-9A3B-9240CC32EDBA}.Release|Win32.ActiveCfg = Release|Win32
		{6C571F85-CE99-40D0-9A3B-9240CC32EDBA}.Release|Win32.Build.0 = Release|Win32
		{0E33250D-BB84-4009-B519-6BCA9756F18E}.Debug|Win32.ActiveCfg = Debug|Win32
		{0E33250D-BB84-4009-B519-6BCA9756F18E}.Debug|Win32.Build.0 = Debug|Win32
		{0E33250D-BB84-4009-B519-6BCA9756F18E}.Release|Win32.ActiveCfg = Release|Win32
		{0E33250D-BB84-4009-B519-6BCA9756F18E}.Release|Win32.Build.0 = Release|Win32
	EndGlobalSection
	GlobalSection(SolutionProperties) = preSolution
		HideSolutionNode = FALSE
	EndGlobalSection
EndGlobal
