
Microsoft Visual Studio Solution File, Format Version 10.00
# Visual Studio 2008
Project("{8BC9CEB8-8B4A-11D0-8D11-00A0C91BC942}") = "MiniWebServer", "MiniWebServer\MiniWebServer.vcproj", "{8B43FD9F-6F79-42D7-B1DA-3A60AD693C3E}"
EndProject
Global
	GlobalSection(SolutionConfigurationPlatforms) = preSolution
		Debug|Win32 = Debug|Win32
		Release|Win32 = Release|Win32
	EndGlobalSection
	GlobalSection(ProjectConfigurationPlatforms) = postSolution
		{8B43FD9F-6F79-42D7-B1DA-3A60AD693C3E}.Debug|Win32.ActiveCfg = Debug|Win32
		{8B43FD9F-6F79-42D7-B1DA-3A60AD693C3E}.Debug|Win32.Build.0 = Debug|Win32
		{8B43FD9F-6F79-42D7-B1DA-3A60AD693C3E}.Release|Win32.ActiveCfg = Release|Win32
		{8B43FD9F-6F79-42D7-B1DA-3A60AD693C3E}.Release|Win32.Build.0 = Release|Win32
	EndGlobalSection
	GlobalSection(SolutionProperties) = preSolution
		HideSolutionNode = FALSE
	EndGlobalSection
EndGlobal
