
Microsoft Visual Studio Solution File, Format Version 10.00
# Visual Studio 2008
Project("{8BC9CEB8-8B4A-11D0-8D11-00A0C91BC942}") = "YueChe", "YueChe\YueChe.vcproj", "{0F80BD48-C4C8-43AC-B2D4-07FAAB8BA1AC}"
EndProject
Project("{8BC9CEB8-8B4A-11D0-8D11-00A0C91BC942}") = "SuperYueChe", "SuperYueChe\SuperYueChe.vcproj", "{7FAEDF30-CD0C-42D6-BEAC-086AC4F0DA21}"
EndProject
Global
	GlobalSection(SolutionConfigurationPlatforms) = preSolution
		Debug|Win32 = Debug|Win32
		Release|Win32 = Release|Win32
	EndGlobalSection
	GlobalSection(ProjectConfigurationPlatforms) = postSolution
		{0F80BD48-C4C8-43AC-B2D4-07FAAB8BA1AC}.Debug|Win32.ActiveCfg = Debug|Win32
		{0F80BD48-C4C8-43AC-B2D4-07FAAB8BA1AC}.Debug|Win32.Build.0 = Debug|Win32
		{0F80BD48-C4C8-43AC-B2D4-07FAAB8BA1AC}.Release|Win32.ActiveCfg = Release|Win32
		{0F80BD48-C4C8-43AC-B2D4-07FAAB8BA1AC}.Release|Win32.Build.0 = Release|Win32
		{7FAEDF30-CD0C-42D6-BEAC-086AC4F0DA21}.Debug|Win32.ActiveCfg = Debug|Win32
		{7FAEDF30-CD0C-42D6-BEAC-086AC4F0DA21}.Debug|Win32.Build.0 = Debug|Win32
		{7FAEDF30-CD0C-42D6-BEAC-086AC4F0DA21}.Release|Win32.ActiveCfg = Release|Win32
		{7FAEDF30-CD0C-42D6-BEAC-086AC4F0DA21}.Release|Win32.Build.0 = Release|Win32
	EndGlobalSection
	GlobalSection(SolutionProperties) = preSolution
		HideSolutionNode = FALSE
	EndGlobalSection
EndGlobal
